// !$*UTF8*$!
{
	archiveVersion = 1;
	classes = {
	};
	objectVersion = 46;
	objects = {

/* Begin PBXBuildFile section */
		0045188D1DDC01C900882606 /* main.m in Sources */ = {isa = PBXBuildFile; fileRef = 0045188C1DDC01C900882606 /* main.m */; };
		004518961DDC01C900882606 /* Main.storyboard in Resources */ = {isa = PBXBuildFile; fileRef = 004518941DDC01C900882606 /* Main.storyboard */; };
		004518981DDC01C900882606 /* Assets.xcassets in Resources */ = {isa = PBXBuildFile; fileRef = 004518971DDC01C900882606 /* Assets.xcassets */; };
		0045189B1DDC01C900882606 /* LaunchScreen.storyboard in Resources */ = {isa = PBXBuildFile; fileRef = 004518991DDC01C900882606 /* LaunchScreen.storyboard */; };
		004518A61DDC01C900882606 /* PDFViewAndDownloadTests.m in Sources */ = {isa = PBXBuildFile; fileRef = 004518A51DDC01C900882606 /* PDFViewAndDownloadTests.m */; };
		004518B11DDC01CA00882606 /* PDFViewAndDownloadUITests.m in Sources */ = {isa = PBXBuildFile; fileRef = 004518B01DDC01CA00882606 /* PDFViewAndDownloadUITests.m */; };
		004518CC1DDC04FC00882606 /* HLLAppDelegate.m in Sources */ = {isa = PBXBuildFile; fileRef = 004518CB1DDC04FC00882606 /* HLLAppDelegate.m */; };
		004518D01DDC05A000882606 /* BaseViewController.m in Sources */ = {isa = PBXBuildFile; fileRef = 004518CF1DDC05A000882606 /* BaseViewController.m */; };
		004518D91DDC064600882606 /* HLLHomeViewController.m in Sources */ = {isa = PBXBuildFile; fileRef = 004518D81DDC064600882606 /* HLLHomeViewController.m */; };
		004518DC1DDC0A7E00882606 /* MessageUI.framework in Frameworks */ = {isa = PBXBuildFile; fileRef = 004518DB1DDC0A7E00882606 /* MessageUI.framework */; };
		004518DE1DDC0A9100882606 /* QuickLook.framework in Frameworks */ = {isa = PBXBuildFile; fileRef = 004518DD1DDC0A9100882606 /* QuickLook.framework */; };
		004518E01DDC0AB100882606 /* ImageIO.framework in Frameworks */ = {isa = PBXBuildFile; fileRef = 004518DF1DDC0AB100882606 /* ImageIO.framework */; };
		004518E21DDC0AB900882606 /* QuartzCore.framework in Frameworks */ = {isa = PBXBuildFile; fileRef = 004518E11DDC0AB900882606 /* QuartzCore.framework */; };
		004518E71DDC15AC00882606 /* HLLPDFViewController.m in Sources */ = {isa = PBXBuildFile; fileRef = 004518E61DDC15AC00882606 /* HLLPDFViewController.m */; };
		004518E91DDC16F100882606 /* git-cheatsheet.pdf in Resources */ = {isa = PBXBuildFile; fileRef = 004518E81DDC16F100882606 /* git-cheatsheet.pdf */; };
		004518EC1DDC179700882606 /* HLLMenuCell.m in Sources */ = {isa = PBXBuildFile; fileRef = 004518EB1DDC179700882606 /* HLLMenuCell.m */; };
		004518EF1DDC29BC00882606 /* HLLPDFDownloadViewController.m in Sources */ = {isa = PBXBuildFile; fileRef = 004518EE1DDC29BC00882606 /* HLLPDFDownloadViewController.m */; };
		004518F21DDC2BF800882606 /* HLLWebViewController.m in Sources */ = {isa = PBXBuildFile; fileRef = 004518F11DDC2BF800882606 /* HLLWebViewController.m */; };
		004753511DDC3CD400AF0FA1 /* AppIcon-076.png in Resources */ = {isa = PBXBuildFile; fileRef = 0047530B1DDC3CD400AF0FA1 /* AppIcon-076.png */; };
		004753521DDC3CD400AF0FA1 /* AppIcon-120.png in Resources */ = {isa = PBXBuildFile; fileRef = 0047530C1DDC3CD400AF0FA1 /* AppIcon-120.png */; };
		004753531DDC3CD400AF0FA1 /* AppIcon-152.png in Resources */ = {isa = PBXBuildFile; fileRef = 0047530D1DDC3CD400AF0FA1 /* AppIcon-152.png */; };
		004753541DDC3CD400AF0FA1 /* AppIcon-167.png in Resources */ = {isa = PBXBuildFile; fileRef = 0047530E1DDC3CD400AF0FA1 /* AppIcon-167.png */; };
		004753551DDC3CD400AF0FA1 /* AppIcon-180.png in Resources */ = {isa = PBXBuildFile; fileRef = 0047530F1DDC3CD400AF0FA1 /* AppIcon-180.png */; };
		004753561DDC3CD400AF0FA1 /* Reader-Button-H.png in Resources */ = {isa = PBXBuildFile; fileRef = 004753101DDC3CD400AF0FA1 /* Reader-Button-H.png */; };
		004753571DDC3CD400AF0FA1 /* Reader-Button-H@2x.png in Resources */ = {isa = PBXBuildFile; fileRef = 004753111DDC3CD400AF0FA1 /* Reader-Button-H@2x.png */; };
		004753581DDC3CD400AF0FA1 /* Reader-Button-H@3x.png in Resources */ = {isa = PBXBuildFile; fileRef = 004753121DDC3CD400AF0FA1 /* Reader-Button-H@3x.png */; };
		004753591DDC3CD400AF0FA1 /* Reader-Button-N.png in Resources */ = {isa = PBXBuildFile; fileRef = 004753131DDC3CD400AF0FA1 /* Reader-Button-N.png */; };
		0047535A1DDC3CD400AF0FA1 /* Reader-Button-N@2x.png in Resources */ = {isa = PBXBuildFile; fileRef = 004753141DDC3CD400AF0FA1 /* Reader-Button-N@2x.png */; };
		0047535B1DDC3CD400AF0FA1 /* Reader-Button-N@3x.png in Resources */ = {isa = PBXBuildFile; fileRef = 004753151DDC3CD400AF0FA1 /* Reader-Button-N@3x.png */; };
		0047535C1DDC3CD400AF0FA1 /* Reader-Email.png in Resources */ = {isa = PBXBuildFile; fileRef = 004753161DDC3CD400AF0FA1 /* Reader-Email.png */; };
		0047535D1DDC3CD400AF0FA1 /* Reader-Email@2x.png in Resources */ = {isa = PBXBuildFile; fileRef = 004753171DDC3CD400AF0FA1 /* Reader-Email@2x.png */; };
		0047535E1DDC3CD400AF0FA1 /* Reader-Email@3x.png in Resources */ = {isa = PBXBuildFile; fileRef = 004753181DDC3CD400AF0FA1 /* Reader-Email@3x.png */; };
		0047535F1DDC3CD400AF0FA1 /* Reader-Export.png in Resources */ = {isa = PBXBuildFile; fileRef = 004753191DDC3CD400AF0FA1 /* Reader-Export.png */; };
		004753601DDC3CD400AF0FA1 /* Reader-Export@2x.png in Resources */ = {isa = PBXBuildFile; fileRef = 0047531A1DDC3CD400AF0FA1 /* Reader-Export@2x.png */; };
		004753611DDC3CD400AF0FA1 /* Reader-Export@3x.png in Resources */ = {isa = PBXBuildFile; fileRef = 0047531B1DDC3CD400AF0FA1 /* Reader-Export@3x.png */; };
		004753621DDC3CD400AF0FA1 /* Reader-Mark-N.png in Resources */ = {isa = PBXBuildFile; fileRef = 0047531C1DDC3CD400AF0FA1 /* Reader-Mark-N.png */; };
		004753631DDC3CD400AF0FA1 /* Reader-Mark-N@2x.png in Resources */ = {isa = PBXBuildFile; fileRef = 0047531D1DDC3CD400AF0FA1 /* Reader-Mark-N@2x.png */; };
		004753641DDC3CD400AF0FA1 /* Reader-Mark-N@3x.png in Resources */ = {isa = PBXBuildFile; fileRef = 0047531E1DDC3CD400AF0FA1 /* Reader-Mark-N@3x.png */; };
		004753651DDC3CD400AF0FA1 /* Reader-Mark-Y.png in Resources */ = {isa = PBXBuildFile; fileRef = 0047531F1DDC3CD400AF0FA1 /* Reader-Mark-Y.png */; };
		004753661DDC3CD400AF0FA1 /* Reader-Mark-Y@2x.png in Resources */ = {isa = PBXBuildFile; fileRef = 004753201DDC3CD400AF0FA1 /* Reader-Mark-Y@2x.png */; };
		004753671DDC3CD400AF0FA1 /* Reader-Mark-Y@3x.png in Resources */ = {isa = PBXBuildFile; fileRef = 004753211DDC3CD400AF0FA1 /* Reader-Mark-Y@3x.png */; };
		004753681DDC3CD400AF0FA1 /* Reader-Print.png in Resources */ = {isa = PBXBuildFile; fileRef = 004753221DDC3CD400AF0FA1 /* Reader-Print.png */; };
		004753691DDC3CD400AF0FA1 /* Reader-Print@2x.png in Resources */ = {isa = PBXBuildFile; fileRef = 004753231DDC3CD400AF0FA1 /* Reader-Print@2x.png */; };
		0047536A1DDC3CD400AF0FA1 /* Reader-Print@3x.png in Resources */ = {isa = PBXBuildFile; fileRef = 004753241DDC3CD400AF0FA1 /* Reader-Print@3x.png */; };
		0047536B1DDC3CD400AF0FA1 /* Reader-Thumbs.png in Resources */ = {isa = PBXBuildFile; fileRef = 004753251DDC3CD400AF0FA1 /* Reader-Thumbs.png */; };
		0047536C1DDC3CD400AF0FA1 /* Reader-Thumbs@2x.png in Resources */ = {isa = PBXBuildFile; fileRef = 004753261DDC3CD400AF0FA1 /* Reader-Thumbs@2x.png */; };
		0047536D1DDC3CD400AF0FA1 /* Reader-Thumbs@3x.png in Resources */ = {isa = PBXBuildFile; fileRef = 004753271DDC3CD400AF0FA1 /* Reader-Thumbs@3x.png */; };
		0047536E1DDC3CD400AF0FA1 /* CGPDFDocument.m in Sources */ = {isa = PBXBuildFile; fileRef = 0047532A1DDC3CD400AF0FA1 /* CGPDFDocument.m */; };
		0047536F1DDC3CD400AF0FA1 /* ReaderConstants.m in Sources */ = {isa = PBXBuildFile; fileRef = 0047532C1DDC3CD400AF0FA1 /* ReaderConstants.m */; };
		004753701DDC3CD400AF0FA1 /* ReaderContentPage.m in Sources */ = {isa = PBXBuildFile; fileRef = 0047532E1DDC3CD400AF0FA1 /* ReaderContentPage.m */; };
		004753711DDC3CD400AF0FA1 /* ReaderContentTile.m in Sources */ = {isa = PBXBuildFile; fileRef = 004753301DDC3CD400AF0FA1 /* ReaderContentTile.m */; };
		004753721DDC3CD400AF0FA1 /* ReaderContentView.m in Sources */ = {isa = PBXBuildFile; fileRef = 004753321DDC3CD400AF0FA1 /* ReaderContentView.m */; };
		004753731DDC3CD400AF0FA1 /* ReaderDocument.m in Sources */ = {isa = PBXBuildFile; fileRef = 004753341DDC3CD400AF0FA1 /* ReaderDocument.m */; };
		004753741DDC3CD400AF0FA1 /* ReaderDocumentOutline.m in Sources */ = {isa = PBXBuildFile; fileRef = 004753361DDC3CD400AF0FA1 /* ReaderDocumentOutline.m */; };
		004753751DDC3CD400AF0FA1 /* ReaderMainPagebar.m in Sources */ = {isa = PBXBuildFile; fileRef = 004753381DDC3CD400AF0FA1 /* ReaderMainPagebar.m */; };
		004753761DDC3CD400AF0FA1 /* ReaderMainToolbar.m in Sources */ = {isa = PBXBuildFile; fileRef = 0047533A1DDC3CD400AF0FA1 /* ReaderMainToolbar.m */; };
		004753771DDC3CD400AF0FA1 /* ReaderThumbCache.m in Sources */ = {isa = PBXBuildFile; fileRef = 0047533C1DDC3CD400AF0FA1 /* ReaderThumbCache.m */; };
		004753781DDC3CD400AF0FA1 /* ReaderThumbFetch.m in Sources */ = {isa = PBXBuildFile; fileRef = 0047533E1DDC3CD400AF0FA1 /* ReaderThumbFetch.m */; };
		004753791DDC3CD400AF0FA1 /* ReaderThumbQueue.m in Sources */ = {isa = PBXBuildFile; fileRef = 004753401DDC3CD400AF0FA1 /* ReaderThumbQueue.m */; };
		0047537A1DDC3CD400AF0FA1 /* ReaderThumbRender.m in Sources */ = {isa = PBXBuildFile; fileRef = 004753421DDC3CD400AF0FA1 /* ReaderThumbRender.m */; };
		0047537B1DDC3CD400AF0FA1 /* ReaderThumbRequest.m in Sources */ = {isa = PBXBuildFile; fileRef = 004753441DDC3CD400AF0FA1 /* ReaderThumbRequest.m */; };
		0047537C1DDC3CD400AF0FA1 /* ReaderThumbsView.m in Sources */ = {isa = PBXBuildFile; fileRef = 004753461DDC3CD400AF0FA1 /* ReaderThumbsView.m */; };
		0047537D1DDC3CD400AF0FA1 /* ReaderThumbView.m in Sources */ = {isa = PBXBuildFile; fileRef = 004753481DDC3CD400AF0FA1 /* ReaderThumbView.m */; };
		0047537E1DDC3CD400AF0FA1 /* ReaderViewController.m in Sources */ = {isa = PBXBuildFile; fileRef = 0047534A1DDC3CD400AF0FA1 /* ReaderViewController.m */; };
		0047537F1DDC3CD400AF0FA1 /* ThumbsMainToolbar.m in Sources */ = {isa = PBXBuildFile; fileRef = 0047534C1DDC3CD400AF0FA1 /* ThumbsMainToolbar.m */; };
		004753801DDC3CD400AF0FA1 /* ThumbsViewController.m in Sources */ = {isa = PBXBuildFile; fileRef = 0047534E1DDC3CD400AF0FA1 /* ThumbsViewController.m */; };
		004753811DDC3CD400AF0FA1 /* UIXToolbarView.m in Sources */ = {isa = PBXBuildFile; fileRef = 004753501DDC3CD400AF0FA1 /* UIXToolbarView.m */; };
		0093626F1DDD41D100413315 /* HLLTestColorViewController.m in Sources */ = {isa = PBXBuildFile; fileRef = 0093626E1DDD41D100413315 /* HLLTestColorViewController.m */; };
		AAD9532BD391480392612CEE /* libPods-PDFViewAndDownload.a in Frameworks */ = {isa = PBXBuildFile; fileRef = 1916837CA069ACC059A13F98 /* libPods-PDFViewAndDownload.a */; };
/* End PBXBuildFile section */

/* Begin PBXContainerItemProxy section */
		004518A21DDC01C900882606 /* PBXContainerItemProxy */ = {
			isa = PBXContainerItemProxy;
			containerPortal = 004518801DDC01C900882606 /* Project object */;
			proxyType = 1;
			remoteGlobalIDString = 004518871DDC01C900882606;
			remoteInfo = PDFViewAndDownload;
		};
		004518AD1DDC01CA00882606 /* PBXContainerItemProxy */ = {
			isa = PBXContainerItemProxy;
			containerPortal = 004518801DDC01C900882606 /* Project object */;
			proxyType = 1;
			remoteGlobalIDString = 004518871DDC01C900882606;
			remoteInfo = PDFViewAndDownload;
		};
/* End PBXContainerItemProxy section */

/* Begin PBXFileReference section */
		004518881DDC01C900882606 /* PDFViewAndDownload.app */ = {isa = PBXFileReference; explicitFileType = wrapper.application; includeInIndex = 0; path = PDFViewAndDownload.app; sourceTree = BUILT_PRODUCTS_DIR; };
		0045188C1DDC01C900882606 /* main.m */ = {isa = PBXFileReference; lastKnownFileType = sourcecode.c.objc; path = main.m; sourceTree = "<group>"; };
		004518951DDC01C900882606 /* Base */ = {isa = PBXFileReference; lastKnownFileType = file.storyboard; name = Base; path = Base.lproj/Main.storyboard; sourceTree = "<group>"; };
		004518971DDC01C900882606 /* Assets.xcassets */ = {isa = PBXFileReference; lastKnownFileType = folder.assetcatalog; path = Assets.xcassets; sourceTree = "<group>"; };
		0045189A1DDC01C900882606 /* Base */ = {isa = PBXFileReference; lastKnownFileType = file.storyboard; name = Base; path = Base.lproj/LaunchScreen.storyboard; sourceTree = "<group>"; };
		0045189C1DDC01C900882606 /* Info.plist */ = {isa = PBXFileReference; lastKnownFileType = text.plist.xml; path = Info.plist; sourceTree = "<group>"; };
		004518A11DDC01C900882606 /* PDFViewAndDownloadTests.xctest */ = {isa = PBXFileReference; explicitFileType = wrapper.cfbundle; includeInIndex = 0; path = PDFViewAndDownloadTests.xctest; sourceTree = BUILT_PRODUCTS_DIR; };
		004518A51DDC01C900882606 /* PDFViewAndDownloadTests.m */ = {isa = PBXFileReference; lastKnownFileType = sourcecode.c.objc; path = PDFViewAndDownloadTests.m; sourceTree = "<group>"; };
		004518A71DDC01C900882606 /* Info.plist */ = {isa = PBXFileReference; lastKnownFileType = text.plist.xml; path = Info.plist; sourceTree = "<group>"; };
		004518AC1DDC01CA00882606 /* PDFViewAndDownloadUITests.xctest */ = {isa = PBXFileReference; explicitFileType = wrapper.cfbundle; includeInIndex = 0; path = PDFViewAndDownloadUITests.xctest; sourceTree = BUILT_PRODUCTS_DIR; };
		004518B01DDC01CA00882606 /* PDFViewAndDownloadUITests.m */ = {isa = PBXFileReference; lastKnownFileType = sourcecode.c.objc; path = PDFViewAndDownloadUITests.m; sourceTree = "<group>"; };
		004518B21DDC01CA00882606 /* Info.plist */ = {isa = PBXFileReference; lastKnownFileType = text.plist.xml; path = Info.plist; sourceTree = "<group>"; };
		004518CA1DDC04FC00882606 /* HLLAppDelegate.h */ = {isa = PBXFileReference; fileEncoding = 4; lastKnownFileType = sourcecode.c.h; path = HLLAppDelegate.h; sourceTree = "<group>"; };
		004518CB1DDC04FC00882606 /* HLLAppDelegate.m */ = {isa = PBXFileReference; fileEncoding = 4; lastKnownFileType = sourcecode.c.objc; path = HLLAppDelegate.m; sourceTree = "<group>"; };
		004518CE1DDC05A000882606 /* BaseViewController.h */ = {isa = PBXFileReference; fileEncoding = 4; lastKnownFileType = sourcecode.c.h; path = BaseViewController.h; sourceTree = "<group>"; };
		004518CF1DDC05A000882606 /* BaseViewController.m */ = {isa = PBXFileReference; fileEncoding = 4; lastKnownFileType = sourcecode.c.objc; path = BaseViewController.m; sourceTree = "<group>"; };
		004518D71DDC064600882606 /* HLLHomeViewController.h */ = {isa = PBXFileReference; fileEncoding = 4; lastKnownFileType = sourcecode.c.h; path = HLLHomeViewController.h; sourceTree = "<group>"; };
		004518D81DDC064600882606 /* HLLHomeViewController.m */ = {isa = PBXFileReference; fileEncoding = 4; lastKnownFileType = sourcecode.c.objc; path = HLLHomeViewController.m; sourceTree = "<group>"; };
		004518DA1DDC066500882606 /* Config.pch */ = {isa = PBXFileReference; lastKnownFileType = sourcecode.c.h; path = Config.pch; sourceTree = "<group>"; };
		004518DB1DDC0A7E00882606 /* MessageUI.framework */ = {isa = PBXFileReference; lastKnownFileType = wrapper.framework; name = MessageUI.framework; path = System/Library/Frameworks/MessageUI.framework; sourceTree = SDKROOT; };
		004518DD1DDC0A9100882606 /* QuickLook.framework */ = {isa = PBXFileReference; lastKnownFileType = wrapper.framework; name = QuickLook.framework; path = System/Library/Frameworks/QuickLook.framework; sourceTree = SDKROOT; };
		004518DF1DDC0AB100882606 /* ImageIO.framework */ = {isa = PBXFileReference; lastKnownFileType = wrapper.framework; name = ImageIO.framework; path = System/Library/Frameworks/ImageIO.framework; sourceTree = SDKROOT; };
		004518E11DDC0AB900882606 /* QuartzCore.framework */ = {isa = PBXFileReference; lastKnownFileType = wrapper.framework; name = QuartzCore.framework; path = System/Library/Frameworks/QuartzCore.framework; sourceTree = SDKROOT; };
		004518E51DDC15AC00882606 /* HLLPDFViewController.h */ = {isa = PBXFileReference; fileEncoding = 4; lastKnownFileType = sourcecode.c.h; path = HLLPDFViewController.h; sourceTree = "<group>"; };
		004518E61DDC15AC00882606 /* HLLPDFViewController.m */ = {isa = PBXFileReference; fileEncoding = 4; lastKnownFileType = sourcecode.c.objc; path = HLLPDFViewController.m; sourceTree = "<group>"; };
		004518E81DDC16F100882606 /* git-cheatsheet.pdf */ = {isa = PBXFileReference; lastKnownFileType = image.pdf; path = "git-cheatsheet.pdf"; sourceTree = "<group>"; };
		004518EA1DDC179700882606 /* HLLMenuCell.h */ = {isa = PBXFileReference; fileEncoding = 4; lastKnownFileType = sourcecode.c.h; path = HLLMenuCell.h; sourceTree = "<group>"; };
		004518EB1DDC179700882606 /* HLLMenuCell.m */ = {isa = PBXFileReference; fileEncoding = 4; lastKnownFileType = sourcecode.c.objc; path = HLLMenuCell.m; sourceTree = "<group>"; };
		004518ED1DDC29BC00882606 /* HLLPDFDownloadViewController.h */ = {isa = PBXFileReference; fileEncoding = 4; lastKnownFileType = sourcecode.c.h; path = HLLPDFDownloadViewController.h; sourceTree = "<group>"; };
		004518EE1DDC29BC00882606 /* HLLPDFDownloadViewController.m */ = {isa = PBXFileReference; fileEncoding = 4; lastKnownFileType = sourcecode.c.objc; path = HLLPDFDownloadViewController.m; sourceTree = "<group>"; };
		004518F01DDC2BF800882606 /* HLLWebViewController.h */ = {isa = PBXFileReference; fileEncoding = 4; lastKnownFileType = sourcecode.c.h; path = HLLWebViewController.h; sourceTree = "<group>"; };
		004518F11DDC2BF800882606 /* HLLWebViewController.m */ = {isa = PBXFileReference; fileEncoding = 4; lastKnownFileType = sourcecode.c.objc; path = HLLWebViewController.m; sourceTree = "<group>"; };
		0047530B1DDC3CD400AF0FA1 /* AppIcon-076.png */ = {isa = PBXFileReference; lastKnownFileType = image.png; path = "AppIcon-076.png"; sourceTree = "<group>"; };
		0047530C1DDC3CD400AF0FA1 /* AppIcon-120.png */ = {isa = PBXFileReference; lastKnownFileType = image.png; path = "AppIcon-120.png"; sourceTree = "<group>"; };
		0047530D1DDC3CD400AF0FA1 /* AppIcon-152.png */ = {isa = PBXFileReference; lastKnownFileType = image.png; path = "AppIcon-152.png"; sourceTree = "<group>"; };
		0047530E1DDC3CD400AF0FA1 /* AppIcon-167.png */ = {isa = PBXFileReference; lastKnownFileType = image.png; path = "AppIcon-167.png"; sourceTree = "<group>"; };
		0047530F1DDC3CD400AF0FA1 /* AppIcon-180.png */ = {isa = PBXFileReference; lastKnownFileType = image.png; path = "AppIcon-180.png"; sourceTree = "<group>"; };
		004753101DDC3CD400AF0FA1 /* Reader-Button-H.png */ = {isa = PBXFileReference; lastKnownFileType = image.png; path = "Reader-Button-H.png"; sourceTree = "<group>"; };
		004753111DDC3CD400AF0FA1 /* Reader-Button-H@2x.png */ = {isa = PBXFileReference; lastKnownFileType = image.png; path = "Reader-Button-H@2x.png"; sourceTree = "<group>"; };
		004753121DDC3CD400AF0FA1 /* Reader-Button-H@3x.png */ = {isa = PBXFileReference; lastKnownFileType = image.png; path = "Reader-Button-H@3x.png"; sourceTree = "<group>"; };
		004753131DDC3CD400AF0FA1 /* Reader-Button-N.png */ = {isa = PBXFileReference; lastKnownFileType = image.png; path = "Reader-Button-N.png"; sourceTree = "<group>"; };
		004753141DDC3CD400AF0FA1 /* Reader-Button-N@2x.png */ = {isa = PBXFileReference; lastKnownFileType = image.png; path = "Reader-Button-N@2x.png"; sourceTree = "<group>"; };
		004753151DDC3CD400AF0FA1 /* Reader-Button-N@3x.png */ = {isa = PBXFileReference; lastKnownFileType = image.png; path = "Reader-Button-N@3x.png"; sourceTree = "<group>"; };
		004753161DDC3CD400AF0FA1 /* Reader-Email.png */ = {isa = PBXFileReference; lastKnownFileType = image.png; path = "Reader-Email.png"; sourceTree = "<group>"; };
		004753171DDC3CD400AF0FA1 /* Reader-Email@2x.png */ = {isa = PBXFileReference; lastKnownFileType = image.png; path = "Reader-Email@2x.png"; sourceTree = "<group>"; };
		004753181DDC3CD400AF0FA1 /* Reader-Email@3x.png */ = {isa = PBXFileReference; lastKnownFileType = image.png; path = "Reader-Email@3x.png"; sourceTree = "<group>"; };
		004753191DDC3CD400AF0FA1 /* Reader-Export.png */ = {isa = PBXFileReference; lastKnownFileType = image.png; path = "Reader-Export.png"; sourceTree = "<group>"; };
		0047531A1DDC3CD400AF0FA1 /* Reader-Export@2x.png */ = {isa = PBXFileReference; lastKnownFileType = image.png; path = "Reader-Export@2x.png"; sourceTree = "<group>"; };
		0047531B1DDC3CD400AF0FA1 /* Reader-Export@3x.png */ = {isa = PBXFileReference; lastKnownFileType = image.png; path = "Reader-Export@3x.png"; sourceTree = "<group>"; };
		0047531C1DDC3CD400AF0FA1 /* Reader-Mark-N.png */ = {isa = PBXFileReference; lastKnownFileType = image.png; path = "Reader-Mark-N.png"; sourceTree = "<group>"; };
		0047531D1DDC3CD400AF0FA1 /* Reader-Mark-N@2x.png */ = {isa = PBXFileReference; lastKnownFileType = image.png; path = "Reader-Mark-N@2x.png"; sourceTree = "<group>"; };
		0047531E1DDC3CD400AF0FA1 /* Reader-Mark-N@3x.png */ = {isa = PBXFileReference; lastKnownFileType = image.png; path = "Reader-Mark-N@3x.png"; sourceTree = "<group>"; };
		0047531F1DDC3CD400AF0FA1 /* Reader-Mark-Y.png */ = {isa = PBXFileReference; lastKnownFileType = image.png; path = "Reader-Mark-Y.png"; sourceTree = "<group>"; };
		004753201DDC3CD400AF0FA1 /* Reader-Mark-Y@2x.png */ = {isa = PBXFileReference; lastKnownFileType = image.png; path = "Reader-Mark-Y@2x.png"; sourceTree = "<group>"; };
		004753211DDC3CD400AF0FA1 /* Reader-Mark-Y@3x.png */ = {isa = PBXFileReference; lastKnownFileType = image.png; path = "Reader-Mark-Y@3x.png"; sourceTree = "<group>"; };
		004753221DDC3CD400AF0FA1 /* Reader-Print.png */ = {isa = PBXFileReference; lastKnownFileType = image.png; path = "Reader-Print.png"; sourceTree = "<group>"; };
		004753231DDC3CD400AF0FA1 /* Reader-Print@2x.png */ = {isa = PBXFileReference; lastKnownFileType = image.png; path = "Reader-Print@2x.png"; sourceTree = "<group>"; };
		004753241DDC3CD400AF0FA1 /* Reader-Print@3x.png */ = {isa = PBXFileReference; lastKnownFileType = image.png; path = "Reader-Print@3x.png"; sourceTree = "<group>"; };
		004753251DDC3CD400AF0FA1 /* Reader-Thumbs.png */ = {isa = PBXFileReference; lastKnownFileType = image.png; path = "Reader-Thumbs.png"; sourceTree = "<group>"; };
		004753261DDC3CD400AF0FA1 /* Reader-Thumbs@2x.png */ = {isa = PBXFileReference; lastKnownFileType = image.png; path = "Reader-Thumbs@2x.png"; sourceTree = "<group>"; };
		004753271DDC3CD400AF0FA1 /* Reader-Thumbs@3x.png */ = {isa = PBXFileReference; lastKnownFileType = image.png; path = "Reader-Thumbs@3x.png"; sourceTree = "<group>"; };
		004753291DDC3CD400AF0FA1 /* CGPDFDocument.h */ = {isa = PBXFileReference; fileEncoding = 4; lastKnownFileType = sourcecode.c.h; path = CGPDFDocument.h; sourceTree = "<group>"; };
		0047532A1DDC3CD400AF0FA1 /* CGPDFDocument.m */ = {isa = PBXFileReference; fileEncoding = 4; lastKnownFileType = sourcecode.c.objc; path = CGPDFDocument.m; sourceTree = "<group>"; };
		0047532B1DDC3CD400AF0FA1 /* ReaderConstants.h */ = {isa = PBXFileReference; fileEncoding = 4; lastKnownFileType = sourcecode.c.h; path = ReaderConstants.h; sourceTree = "<group>"; };
		0047532C1DDC3CD400AF0FA1 /* ReaderConstants.m */ = {isa = PBXFileReference; fileEncoding = 4; lastKnownFileType = sourcecode.c.objc; path = ReaderConstants.m; sourceTree = "<group>"; };
		0047532D1DDC3CD400AF0FA1 /* ReaderContentPage.h */ = {isa = PBXFileReference; fileEncoding = 4; lastKnownFileType = sourcecode.c.h; path = ReaderContentPage.h; sourceTree = "<group>"; };
		0047532E1DDC3CD400AF0FA1 /* ReaderContentPage.m */ = {isa = PBXFileReference; fileEncoding = 4; lastKnownFileType = sourcecode.c.objc; path = ReaderContentPage.m; sourceTree = "<group>"; };
		0047532F1DDC3CD400AF0FA1 /* ReaderContentTile.h */ = {isa = PBXFileReference; fileEncoding = 4; lastKnownFileType = sourcecode.c.h; path = ReaderContentTile.h; sourceTree = "<group>"; };
		004753301DDC3CD400AF0FA1 /* ReaderContentTile.m */ = {isa = PBXFileReference; fileEncoding = 4; lastKnownFileType = sourcecode.c.objc; path = ReaderContentTile.m; sourceTree = "<group>"; };
		004753311DDC3CD400AF0FA1 /* ReaderContentView.h */ = {isa = PBXFileReference; fileEncoding = 4; lastKnownFileType = sourcecode.c.h; path = ReaderContentView.h; sourceTree = "<group>"; };
		004753321DDC3CD400AF0FA1 /* ReaderContentView.m */ = {isa = PBXFileReference; fileEncoding = 4; lastKnownFileType = sourcecode.c.objc; path = ReaderContentView.m; sourceTree = "<group>"; };
		004753331DDC3CD400AF0FA1 /* ReaderDocument.h */ = {isa = PBXFileReference; fileEncoding = 4; lastKnownFileType = sourcecode.c.h; path = ReaderDocument.h; sourceTree = "<group>"; };
		004753341DDC3CD400AF0FA1 /* ReaderDocument.m */ = {isa = PBXFileReference; fileEncoding = 4; lastKnownFileType = sourcecode.c.objc; path = ReaderDocument.m; sourceTree = "<group>"; };
		004753351DDC3CD400AF0FA1 /* ReaderDocumentOutline.h */ = {isa = PBXFileReference; fileEncoding = 4; lastKnownFileType = sourcecode.c.h; path = ReaderDocumentOutline.h; sourceTree = "<group>"; };
		004753361DDC3CD400AF0FA1 /* ReaderDocumentOutline.m */ = {isa = PBXFileReference; fileEncoding = 4; lastKnownFileType = sourcecode.c.objc; path = ReaderDocumentOutline.m; sourceTree = "<group>"; };
		004753371DDC3CD400AF0FA1 /* ReaderMainPagebar.h */ = {isa = PBXFileReference; fileEncoding = 4; lastKnownFileType = sourcecode.c.h; path = ReaderMainPagebar.h; sourceTree = "<group>"; };
		004753381DDC3CD400AF0FA1 /* ReaderMainPagebar.m */ = {isa = PBXFileReference; fileEncoding = 4; lastKnownFileType = sourcecode.c.objc; path = ReaderMainPagebar.m; sourceTree = "<group>"; };
		004753391DDC3CD400AF0FA1 /* ReaderMainToolbar.h */ = {isa = PBXFileReference; fileEncoding = 4; lastKnownFileType = sourcecode.c.h; path = ReaderMainToolbar.h; sourceTree = "<group>"; };
		0047533A1DDC3CD400AF0FA1 /* ReaderMainToolbar.m */ = {isa = PBXFileReference; fileEncoding = 4; lastKnownFileType = sourcecode.c.objc; path = ReaderMainToolbar.m; sourceTree = "<group>"; };
		0047533B1DDC3CD400AF0FA1 /* ReaderThumbCache.h */ = {isa = PBXFileReference; fileEncoding = 4; lastKnownFileType = sourcecode.c.h; path = ReaderThumbCache.h; sourceTree = "<group>"; };
		0047533C1DDC3CD400AF0FA1 /* ReaderThumbCache.m */ = {isa = PBXFileReference; fileEncoding = 4; lastKnownFileType = sourcecode.c.objc; path = ReaderThumbCache.m; sourceTree = "<group>"; };
		0047533D1DDC3CD400AF0FA1 /* ReaderThumbFetch.h */ = {isa = PBXFileReference; fileEncoding = 4; lastKnownFileType = sourcecode.c.h; path = ReaderThumbFetch.h; sourceTree = "<group>"; };
		0047533E1DDC3CD400AF0FA1 /* ReaderThumbFetch.m */ = {isa = PBXFileReference; fileEncoding = 4; lastKnownFileType = sourcecode.c.objc; path = ReaderThumbFetch.m; sourceTree = "<group>"; };
		0047533F1DDC3CD400AF0FA1 /* ReaderThumbQueue.h */ = {isa = PBXFileReference; fileEncoding = 4; lastKnownFileType = sourcecode.c.h; path = ReaderThumbQueue.h; sourceTree = "<group>"; };
		004753401DDC3CD400AF0FA1 /* ReaderThumbQueue.m */ = {isa = PBXFileReference; fileEncoding = 4; lastKnownFileType = sourcecode.c.objc; path = ReaderThumbQueue.m; sourceTree = "<group>"; };
		004753411DDC3CD400AF0FA1 /* ReaderThumbRender.h */ = {isa = PBXFileReference; fileEncoding = 4; lastKnownFileType = sourcecode.c.h; path = ReaderThumbRender.h; sourceTree = "<group>"; };
		004753421DDC3CD400AF0FA1 /* ReaderThumbRender.m */ = {isa = PBXFileReference; fileEncoding = 4; lastKnownFileType = sourcecode.c.objc; path = ReaderThumbRender.m; sourceTree = "<group>"; };
		004753431DDC3CD400AF0FA1 /* ReaderThumbRequest.h */ = {isa = PBXFileReference; fileEncoding = 4; lastKnownFileType = sourcecode.c.h; path = ReaderThumbRequest.h; sourceTree = "<group>"; };
		004753441DDC3CD400AF0FA1 /* ReaderThumbRequest.m */ = {isa = PBXFileReference; fileEncoding = 4; lastKnownFileType = sourcecode.c.objc; path = ReaderThumbRequest.m; sourceTree = "<group>"; };
		004753451DDC3CD400AF0FA1 /* ReaderThumbsView.h */ = {isa = PBXFileReference; fileEncoding = 4; lastKnownFileType = sourcecode.c.h; path = ReaderThumbsView.h; sourceTree = "<group>"; };
		004753461DDC3CD400AF0FA1 /* ReaderThumbsView.m */ = {isa = PBXFileReference; fileEncoding = 4; lastKnownFileType = sourcecode.c.objc; path = ReaderThumbsView.m; sourceTree = "<group>"; };
		004753471DDC3CD400AF0FA1 /* ReaderThumbView.h */ = {isa = PBXFileReference; fileEncoding = 4; lastKnownFileType = sourcecode.c.h; path = ReaderThumbView.h; sourceTree = "<group>"; };
		004753481DDC3CD400AF0FA1 /* ReaderThumbView.m */ = {isa = PBXFileReference; fileEncoding = 4; lastKnownFileType = sourcecode.c.objc; path = ReaderThumbView.m; sourceTree = "<group>"; };
		004753491DDC3CD400AF0FA1 /* ReaderViewController.h */ = {isa = PBXFileReference; fileEncoding = 4; lastKnownFileType = sourcecode.c.h; path = ReaderViewController.h; sourceTree = "<group>"; };
		0047534A1DDC3CD400AF0FA1 /* ReaderViewController.m */ = {isa = PBXFileReference; fileEncoding = 4; lastKnownFileType = sourcecode.c.objc; path = ReaderViewController.m; sourceTree = "<group>"; };
		0047534B1DDC3CD400AF0FA1 /* ThumbsMainToolbar.h */ = {isa = PBXFileReference; fileEncoding = 4; lastKnownFileType = sourcecode.c.h; path = ThumbsMainToolbar.h; sourceTree = "<group>"; };
		0047534C1DDC3CD400AF0FA1 /* ThumbsMainToolbar.m */ = {isa = PBXFileReference; fileEncoding = 4; lastKnownFileType = sourcecode.c.objc; path = ThumbsMainToolbar.m; sourceTree = "<group>"; };
		0047534D1DDC3CD400AF0FA1 /* ThumbsViewController.h */ = {isa = PBXFileReference; fileEncoding = 4; lastKnownFileType = sourcecode.c.h; path = ThumbsViewController.h; sourceTree = "<group>"; };
		0047534E1DDC3CD400AF0FA1 /* ThumbsViewController.m */ = {isa = PBXFileReference; fileEncoding = 4; lastKnownFileType = sourcecode.c.objc; path = ThumbsViewController.m; sourceTree = "<group>"; };
		0047534F1DDC3CD400AF0FA1 /* UIXToolbarView.h */ = {isa = PBXFileReference; fileEncoding = 4; lastKnownFileType = sourcecode.c.h; path = UIXToolbarView.h; sourceTree = "<group>"; };
		004753501DDC3CD400AF0FA1 /* UIXToolbarView.m */ = {isa = PBXFileReference; fileEncoding = 4; lastKnownFileType = sourcecode.c.objc; path = UIXToolbarView.m; sourceTree = "<group>"; };
		0093626D1DDD41D100413315 /* HLLTestColorViewController.h */ = {isa = PBXFileReference; fileEncoding = 4; lastKnownFileType = sourcecode.c.h; path = HLLTestColorViewController.h; sourceTree = "<group>"; };
		0093626E1DDD41D100413315 /* HLLTestColorViewController.m */ = {isa = PBXFileReference; fileEncoding = 4; lastKnownFileType = sourcecode.c.objc; path = HLLTestColorViewController.m; sourceTree = "<group>"; };
		0667E7DA987203D072C2F6AA /* Pods-PDFViewAndDownload.release.xcconfig */ = {isa = PBXFileReference; includeInIndex = 1; lastKnownFileType = text.xcconfig; name = "Pods-PDFViewAndDownload.release.xcconfig"; path = "Pods/Target Support Files/Pods-PDFViewAndDownload/Pods-PDFViewAndDownload.release.xcconfig"; sourceTree = "<group>"; };
		13B3FB85D7A43EFABE0EDB99 /* Pods-PDFViewAndDownload.debug.xcconfig */ = {isa = PBXFileReference; includeInIndex = 1; lastKnownFileType = text.xcconfig; name = "Pods-PDFViewAndDownload.debug.xcconfig"; path = "Pods/Target Support Files/Pods-PDFViewAndDownload/Pods-PDFViewAndDownload.debug.xcconfig"; sourceTree = "<group>"; };
		1916837CA069ACC059A13F98 /* libPods-PDFViewAndDownload.a */ = {isa = PBXFileReference; explicitFileType = archive.ar; includeInIndex = 0; path = "libPods-PDFViewAndDownload.a"; sourceTree = BUILT_PRODUCTS_DIR; };
/* End PBXFileReference section */

/* Begin PBXFrameworksBuildPhase section */
		004518851DDC01C900882606 /* Frameworks */ = {
			isa = PBXFrameworksBuildPhase;
			buildActionMask = 2147483647;
			files = (
				004518E21DDC0AB900882606 /* QuartzCore.framework in Frameworks */,
				004518E01DDC0AB100882606 /* ImageIO.framework in Frameworks */,
				004518DE1DDC0A9100882606 /* QuickLook.framework in Frameworks */,
				004518DC1DDC0A7E00882606 /* MessageUI.framework in Frameworks */,
				AAD9532BD391480392612CEE /* libPods-PDFViewAndDownload.a in Frameworks */,
			);
			runOnlyForDeploymentPostprocessing = 0;
		};
		0045189E1DDC01C900882606 /* Frameworks */ = {
			isa = PBXFrameworksBuildPhase;
			buildActionMask = 2147483647;
			files = (
			);
			runOnlyForDeploymentPostprocessing = 0;
		};
		004518A91DDC01CA00882606 /* Frameworks */ = {
			isa = PBXFrameworksBuildPhase;
			buildActionMask = 2147483647;
			files = (
			);
			runOnlyForDeploymentPostprocessing = 0;
		};
/* End PBXFrameworksBuildPhase section */

/* Begin PBXGroup section */
		0045187F1DDC01C900882606 = {
			isa = PBXGroup;
			children = (
				0045188A1DDC01C900882606 /* PDFViewAndDownload */,
				004518A41DDC01C900882606 /* PDFViewAndDownloadTests */,
				004518AF1DDC01CA00882606 /* PDFViewAndDownloadUITests */,
				004518891DDC01C900882606 /* Products */,
				2A66DE495F187A7E23878E46 /* Pods */,
				C6705B401B25C9D2E2A3184D /* Frameworks */,
			);
			sourceTree = "<group>";
		};
		004518891DDC01C900882606 /* Products */ = {
			isa = PBXGroup;
			children = (
				004518881DDC01C900882606 /* PDFViewAndDownload.app */,
				004518A11DDC01C900882606 /* PDFViewAndDownloadTests.xctest */,
				004518AC1DDC01CA00882606 /* PDFViewAndDownloadUITests.xctest */,
			);
			name = Products;
			sourceTree = "<group>";
		};
		0045188A1DDC01C900882606 /* PDFViewAndDownload */ = {
			isa = PBXGroup;
			children = (
				004518BE1DDC04BF00882606 /* HLLClasses */,
				004518C71DDC04BF00882606 /* HLLResources */,
				0045188B1DDC01C900882606 /* Supporting Files */,
			);
			path = PDFViewAndDownload;
			sourceTree = "<group>";
		};
		0045188B1DDC01C900882606 /* Supporting Files */ = {
			isa = PBXGroup;
			children = (
				004518941DDC01C900882606 /* Main.storyboard */,
				004518971DDC01C900882606 /* Assets.xcassets */,
				004518991DDC01C900882606 /* LaunchScreen.storyboard */,
				0045189C1DDC01C900882606 /* Info.plist */,
				0045188C1DDC01C900882606 /* main.m */,
				004518DA1DDC066500882606 /* Config.pch */,
			);
			name = "Supporting Files";
			sourceTree = "<group>";
		};
		004518A41DDC01C900882606 /* PDFViewAndDownloadTests */ = {
			isa = PBXGroup;
			children = (
				004518A51DDC01C900882606 /* PDFViewAndDownloadTests.m */,
				004518A71DDC01C900882606 /* Info.plist */,
			);
			path = PDFViewAndDownloadTests;
			sourceTree = "<group>";
		};
		004518AF1DDC01CA00882606 /* PDFViewAndDownloadUITests */ = {
			isa = PBXGroup;
			children = (
				004518B01DDC01CA00882606 /* PDFViewAndDownloadUITests.m */,
				004518B21DDC01CA00882606 /* Info.plist */,
			);
			path = PDFViewAndDownloadUITests;
			sourceTree = "<group>";
		};
		004518BE1DDC04BF00882606 /* HLLClasses */ = {
			isa = PBXGroup;
			children = (
				004518BF1DDC04BF00882606 /* HLLCategories */,
				004518C01DDC04BF00882606 /* HLLItems */,
				004518C61DDC04BF00882606 /* HLLLibs */,
			);
			path = HLLClasses;
			sourceTree = "<group>";
		};
		004518BF1DDC04BF00882606 /* HLLCategories */ = {
			isa = PBXGroup;
			children = (
			);
			path = HLLCategories;
			sourceTree = "<group>";
		};
		004518C01DDC04BF00882606 /* HLLItems */ = {
			isa = PBXGroup;
			children = (
				004518CD1DDC059200882606 /* HLLBasePart */,
				004518C11DDC04BF00882606 /* HLLMain */,
				004518D41DDC063100882606 /* HLLHomePart */,
				004518C21DDC04BF00882606 /* HLLPDFDownload */,
				004518C41DDC04BF00882606 /* HLPDFView */,
			);
			path = HLLItems;
			sourceTree = "<group>";
		};
		004518C11DDC04BF00882606 /* HLLMain */ = {
			isa = PBXGroup;
			children = (
				004518CA1DDC04FC00882606 /* HLLAppDelegate.h */,
				004518CB1DDC04FC00882606 /* HLLAppDelegate.m */,
			);
			path = HLLMain;
			sourceTree = "<group>";
		};
		004518C21DDC04BF00882606 /* HLLPDFDownload */ = {
			isa = PBXGroup;
			children = (
				004518E41DDC10A000882606 /* HLLView */,
				004518C31DDC04BF00882606 /* HLLController */,
			);
			path = HLLPDFDownload;
			sourceTree = "<group>";
		};
		004518C31DDC04BF00882606 /* HLLController */ = {
			isa = PBXGroup;
			children = (
				004518ED1DDC29BC00882606 /* HLLPDFDownloadViewController.h */,
				004518EE1DDC29BC00882606 /* HLLPDFDownloadViewController.m */,
			);
			path = HLLController;
			sourceTree = "<group>";
		};
		004518C41DDC04BF00882606 /* HLPDFView */ = {
			isa = PBXGroup;
			children = (
				004518E31DDC109000882606 /* HLLView */,
				004518C51DDC04BF00882606 /* HLLController */,
			);
			path = HLPDFView;
			sourceTree = "<group>";
		};
		004518C51DDC04BF00882606 /* HLLController */ = {
			isa = PBXGroup;
			children = (
				004518E51DDC15AC00882606 /* HLLPDFViewController.h */,
				004518E61DDC15AC00882606 /* HLLPDFViewController.m */,
				004518F01DDC2BF800882606 /* HLLWebViewController.h */,
				004518F11DDC2BF800882606 /* HLLWebViewController.m */,
			);
			path = HLLController;
			sourceTree = "<group>";
		};
		004518C61DDC04BF00882606 /* HLLLibs */ = {
			isa = PBXGroup;
			children = (
				004753091DDC3CD400AF0FA1 /* Reader */,
			);
			path = HLLLibs;
			sourceTree = "<group>";
		};
		004518C71DDC04BF00882606 /* HLLResources */ = {
			isa = PBXGroup;
			children = (
				004518C81DDC04BF00882606 /* HLLImages */,
				004518C91DDC04BF00882606 /* HLLPDFs */,
			);
			path = HLLResources;
			sourceTree = "<group>";
		};
		004518C81DDC04BF00882606 /* HLLImages */ = {
			isa = PBXGroup;
			children = (
			);
			path = HLLImages;
			sourceTree = "<group>";
		};
		004518C91DDC04BF00882606 /* HLLPDFs */ = {
			isa = PBXGroup;
			children = (
				004518E81DDC16F100882606 /* git-cheatsheet.pdf */,
			);
			path = HLLPDFs;
			sourceTree = "<group>";
		};
		004518CD1DDC059200882606 /* HLLBasePart */ = {
			isa = PBXGroup;
			children = (
				004518CE1DDC05A000882606 /* BaseViewController.h */,
				004518CF1DDC05A000882606 /* BaseViewController.m */,
			);
			path = HLLBasePart;
			sourceTree = "<group>";
		};
		004518D41DDC063100882606 /* HLLHomePart */ = {
			isa = PBXGroup;
			children = (
				004518D51DDC063100882606 /* HLLController */,
				004518D61DDC063100882606 /* HLLView */,
			);
			path = HLLHomePart;
			sourceTree = "<group>";
		};
		004518D51DDC063100882606 /* HLLController */ = {
			isa = PBXGroup;
			children = (
				004518D71DDC064600882606 /* HLLHomeViewController.h */,
				004518D81DDC064600882606 /* HLLHomeViewController.m */,
				0093626D1DDD41D100413315 /* HLLTestColorViewController.h */,
				0093626E1DDD41D100413315 /* HLLTestColorViewController.m */,
			);
			path = HLLController;
			sourceTree = "<group>";
		};
		004518D61DDC063100882606 /* HLLView */ = {
			isa = PBXGroup;
			children = (
			);
			path = HLLView;
			sourceTree = "<group>";
		};
		004518E31DDC109000882606 /* HLLView */ = {
			isa = PBXGroup;
			children = (
				004518EA1DDC179700882606 /* HLLMenuCell.h */,
				004518EB1DDC179700882606 /* HLLMenuCell.m */,
			);
			path = HLLView;
			sourceTree = "<group>";
		};
		004518E41DDC10A000882606 /* HLLView */ = {
			isa = PBXGroup;
			children = (
			);
			path = HLLView;
			sourceTree = "<group>";
		};
		004753091DDC3CD400AF0FA1 /* Reader */ = {
			isa = PBXGroup;
			children = (
				0047530A1DDC3CD400AF0FA1 /* Graphics */,
				004753281DDC3CD400AF0FA1 /* Sources */,
			);
			path = Reader;
			sourceTree = "<group>";
		};
		0047530A1DDC3CD400AF0FA1 /* Graphics */ = {
			isa = PBXGroup;
			children = (
				0047530B1DDC3CD400AF0FA1 /* AppIcon-076.png */,
				0047530C1DDC3CD400AF0FA1 /* AppIcon-120.png */,
				0047530D1DDC3CD400AF0FA1 /* AppIcon-152.png */,
				0047530E1DDC3CD400AF0FA1 /* AppIcon-167.png */,
				0047530F1DDC3CD400AF0FA1 /* AppIcon-180.png */,
				004753101DDC3CD400AF0FA1 /* Reader-Button-H.png */,
				004753111DDC3CD400AF0FA1 /* Reader-Button-H@2x.png */,
				004753121DDC3CD400AF0FA1 /* Reader-Button-H@3x.png */,
				004753131DDC3CD400AF0FA1 /* Reader-Button-N.png */,
				004753141DDC3CD400AF0FA1 /* Reader-Button-N@2x.png */,
				004753151DDC3CD400AF0FA1 /* Reader-Button-N@3x.png */,
				004753161DDC3CD400AF0FA1 /* Reader-Email.png */,
				004753171DDC3CD400AF0FA1 /* Reader-Email@2x.png */,
				004753181DDC3CD400AF0FA1 /* Reader-Email@3x.png */,
				004753191DDC3CD400AF0FA1 /* Reader-Export.png */,
				0047531A1DDC3CD400AF0FA1 /* Reader-Export@2x.png */,
				0047531B1DDC3CD400AF0FA1 /* Reader-Export@3x.png */,
				0047531C1DDC3CD400AF0FA1 /* Reader-Mark-N.png */,
				0047531D1DDC3CD400AF0FA1 /* Reader-Mark-N@2x.png */,
				0047531E1DDC3CD400AF0FA1 /* Reader-Mark-N@3x.png */,
				0047531F1DDC3CD400AF0FA1 /* Reader-Mark-Y.png */,
				004753201DDC3CD400AF0FA1 /* Reader-Mark-Y@2x.png */,
				004753211DDC3CD400AF0FA1 /* Reader-Mark-Y@3x.png */,
				004753221DDC3CD400AF0FA1 /* Reader-Print.png */,
				004753231DDC3CD400AF0FA1 /* Reader-Print@2x.png */,
				004753241DDC3CD400AF0FA1 /* Reader-Print@3x.png */,
				004753251DDC3CD400AF0FA1 /* Reader-Thumbs.png */,
				004753261DDC3CD400AF0FA1 /* Reader-Thumbs@2x.png */,
				004753271DDC3CD400AF0FA1 /* Reader-Thumbs@3x.png */,
			);
			path = Graphics;
			sourceTree = "<group>";
		};
		004753281DDC3CD400AF0FA1 /* Sources */ = {
			isa = PBXGroup;
			children = (
				004753291DDC3CD400AF0FA1 /* CGPDFDocument.h */,
				0047532A1DDC3CD400AF0FA1 /* CGPDFDocument.m */,
				0047532B1DDC3CD400AF0FA1 /* ReaderConstants.h */,
				0047532C1DDC3CD400AF0FA1 /* ReaderConstants.m */,
				0047532D1DDC3CD400AF0FA1 /* ReaderContentPage.h */,
				0047532E1DDC3CD400AF0FA1 /* ReaderContentPage.m */,
				0047532F1DDC3CD400AF0FA1 /* ReaderContentTile.h */,
				004753301DDC3CD400AF0FA1 /* ReaderContentTile.m */,
				004753311DDC3CD400AF0FA1 /* ReaderContentView.h */,
				004753321DDC3CD400AF0FA1 /* ReaderContentView.m */,
				004753331DDC3CD400AF0FA1 /* ReaderDocument.h */,
				004753341DDC3CD400AF0FA1 /* ReaderDocument.m */,
				004753351DDC3CD400AF0FA1 /* ReaderDocumentOutline.h */,
				004753361DDC3CD400AF0FA1 /* ReaderDocumentOutline.m */,
				004753371DDC3CD400AF0FA1 /* ReaderMainPagebar.h */,
				004753381DDC3CD400AF0FA1 /* ReaderMainPagebar.m */,
				004753391DDC3CD400AF0FA1 /* ReaderMainToolbar.h */,
				0047533A1DDC3CD400AF0FA1 /* ReaderMainToolbar.m */,
				0047533B1DDC3CD400AF0FA1 /* ReaderThumbCache.h */,
				0047533C1DDC3CD400AF0FA1 /* ReaderThumbCache.m */,
				0047533D1DDC3CD400AF0FA1 /* ReaderThumbFetch.h */,
				0047533E1DDC3CD400AF0FA1 /* ReaderThumbFetch.m */,
				0047533F1DDC3CD400AF0FA1 /* ReaderThumbQueue.h */,
				004753401DDC3CD400AF0FA1 /* ReaderThumbQueue.m */,
				004753411DDC3CD400AF0FA1 /* ReaderThumbRender.h */,
				004753421DDC3CD400AF0FA1 /* ReaderThumbRender.m */,
				004753431DDC3CD400AF0FA1 /* ReaderThumbRequest.h */,
				004753441DDC3CD400AF0FA1 /* ReaderThumbRequest.m */,
				004753451DDC3CD400AF0FA1 /* ReaderThumbsView.h */,
				004753461DDC3CD400AF0FA1 /* ReaderThumbsView.m */,
				004753471DDC3CD400AF0FA1 /* ReaderThumbView.h */,
				004753481DDC3CD400AF0FA1 /* ReaderThumbView.m */,
				004753491DDC3CD400AF0FA1 /* ReaderViewController.h */,
				0047534A1DDC3CD400AF0FA1 /* ReaderViewController.m */,
				0047534B1DDC3CD400AF0FA1 /* ThumbsMainToolbar.h */,
				0047534C1DDC3CD400AF0FA1 /* ThumbsMainToolbar.m */,
				0047534D1DDC3CD400AF0FA1 /* ThumbsViewController.h */,
				0047534E1DDC3CD400AF0FA1 /* ThumbsViewController.m */,
				0047534F1DDC3CD400AF0FA1 /* UIXToolbarView.h */,
				004753501DDC3CD400AF0FA1 /* UIXToolbarView.m */,
			);
			path = Sources;
			sourceTree = "<group>";
		};
		2A66DE495F187A7E23878E46 /* Pods */ = {
			isa = PBXGroup;
			children = (
				13B3FB85D7A43EFABE0EDB99 /* Pods-PDFViewAndDownload.debug.xcconfig */,
				0667E7DA987203D072C2F6AA /* Pods-PDFViewAndDownload.release.xcconfig */,
			);
			name = Pods;
			sourceTree = "<group>";
		};
		C6705B401B25C9D2E2A3184D /* Frameworks */ = {
			isa = PBXGroup;
			children = (
				004518E11DDC0AB900882606 /* QuartzCore.framework */,
				004518DF1DDC0AB100882606 /* ImageIO.framework */,
				004518DD1DDC0A9100882606 /* QuickLook.framework */,
				004518DB1DDC0A7E00882606 /* MessageUI.framework */,
				1916837CA069ACC059A13F98 /* libPods-PDFViewAndDownload.a */,
			);
			name = Frameworks;
			sourceTree = "<group>";
		};
/* End PBXGroup section */

/* Begin PBXNativeTarget section */
		004518871DDC01C900882606 /* PDFViewAndDownload */ = {
			isa = PBXNativeTarget;
			buildConfigurationList = 004518B51DDC01CA00882606 /* Build configuration list for PBXNativeTarget "PDFViewAndDownload" */;
			buildPhases = (
				CC8B4715E03227B68A9D08E6 /* [CP] Check Pods Manifest.lock */,
				004518841DDC01C900882606 /* Sources */,
				004518851DDC01C900882606 /* Frameworks */,
				004518861DDC01C900882606 /* Resources */,
				D29B755617ACFD852BEF2134 /* [CP] Embed Pods Frameworks */,
				501FD5D0BCBEEBC629178DC8 /* [CP] Copy Pods Resources */,
			);
			buildRules = (
			);
			dependencies = (
			);
			name = PDFViewAndDownload;
			productName = PDFViewAndDownload;
			productReference = 004518881DDC01C900882606 /* PDFViewAndDownload.app */;
			productType = "com.apple.product-type.application";
		};
		004518A01DDC01C900882606 /* PDFViewAndDownloadTests */ = {
			isa = PBXNativeTarget;
			buildConfigurationList = 004518B81DDC01CA00882606 /* Build configuration list for PBXNativeTarget "PDFViewAndDownloadTests" */;
			buildPhases = (
				0045189D1DDC01C900882606 /* Sources */,
				0045189E1DDC01C900882606 /* Frameworks */,
				0045189F1DDC01C900882606 /* Resources */,
			);
			buildRules = (
			);
			dependencies = (
				004518A31DDC01C900882606 /* PBXTargetDependency */,
			);
			name = PDFViewAndDownloadTests;
			productName = PDFViewAndDownloadTests;
			productReference = 004518A11DDC01C900882606 /* PDFViewAndDownloadTests.xctest */;
			productType = "com.apple.product-type.bundle.unit-test";
		};
		004518AB1DDC01CA00882606 /* PDFViewAndDownloadUITests */ = {
			isa = PBXNativeTarget;
			buildConfigurationList = 004518BB1DDC01CA00882606 /* Build configuration list for PBXNativeTarget "PDFViewAndDownloadUITests" */;
			buildPhases = (
				004518A81DDC01CA00882606 /* Sources */,
				004518A91DDC01CA00882606 /* Frameworks */,
				004518AA1DDC01CA00882606 /* Resources */,
			);
			buildRules = (
			);
			dependencies = (
				004518AE1DDC01CA00882606 /* PBXTargetDependency */,
			);
			name = PDFViewAndDownloadUITests;
			productName = PDFViewAndDownloadUITests;
			productReference = 004518AC1DDC01CA00882606 /* PDFViewAndDownloadUITests.xctest */;
			productType = "com.apple.product-type.bundle.ui-testing";
		};
/* End PBXNativeTarget section */

/* Begin PBXProject section */
		004518801DDC01C900882606 /* Project object */ = {
			isa = PBXProject;
			attributes = {
				CLASSPREFIX = HLL;
				LastUpgradeCheck = 0810;
				ORGANIZATIONNAME = "Jeffrey hu";
				TargetAttributes = {
					004518871DDC01C900882606 = {
						CreatedOnToolsVersion = 8.1;
						DevelopmentTeam = KR9G98P8SN;
						ProvisioningStyle = Automatic;
					};
					004518A01DDC01C900882606 = {
						CreatedOnToolsVersion = 8.1;
						DevelopmentTeam = KR9G98P8SN;
						ProvisioningStyle = Automatic;
						TestTargetID = 004518871DDC01C900882606;
					};
					004518AB1DDC01CA00882606 = {
						CreatedOnToolsVersion = 8.1;
						DevelopmentTeam = KR9G98P8SN;
						ProvisioningStyle = Automatic;
						TestTargetID = 004518871DDC01C900882606;
					};
				};
			};
			buildConfigurationList = 004518831DDC01C900882606 /* Build configuration list for PBXProject "PDFViewAndDownload" */;
			compatibilityVersion = "Xcode 3.2";
			developmentRegion = English;
			hasScannedForEncodings = 0;
			knownRegions = (
				en,
				Base,
			);
			mainGroup = 0045187F1DDC01C900882606;
			productRefGroup = 004518891DDC01C900882606 /* Products */;
			projectDirPath = "";
			projectRoot = "";
			targets = (
				004518871DDC01C900882606 /* PDFViewAndDownload */,
				004518A01DDC01C900882606 /* PDFViewAndDownloadTests */,
				004518AB1DDC01CA00882606 /* PDFViewAndDownloadUITests */,
			);
		};
/* End PBXProject section */

/* Begin PBXResourcesBuildPhase section */
		004518861DDC01C900882606 /* Resources */ = {
			isa = PBXResourcesBuildPhase;
			buildActionMask = 2147483647;
			files = (
				004753681DDC3CD400AF0FA1 /* Reader-Print.png in Resources */,
				004753641DDC3CD400AF0FA1 /* Reader-Mark-N@3x.png in Resources */,
				004753631DDC3CD400AF0FA1 /* Reader-Mark-N@2x.png in Resources */,
				0045189B1DDC01C900882606 /* LaunchScreen.storyboard in Resources */,
				0047536C1DDC3CD400AF0FA1 /* Reader-Thumbs@2x.png in Resources */,
				004518E91DDC16F100882606 /* git-cheatsheet.pdf in Resources */,
				0047536D1DDC3CD400AF0FA1 /* Reader-Thumbs@3x.png in Resources */,
				004753661DDC3CD400AF0FA1 /* Reader-Mark-Y@2x.png in Resources */,
				004753571DDC3CD400AF0FA1 /* Reader-Button-H@2x.png in Resources */,
				004753601DDC3CD400AF0FA1 /* Reader-Export@2x.png in Resources */,
				004753651DDC3CD400AF0FA1 /* Reader-Mark-Y.png in Resources */,
				0047535E1DDC3CD400AF0FA1 /* Reader-Email@3x.png in Resources */,
				004753671DDC3CD400AF0FA1 /* Reader-Mark-Y@3x.png in Resources */,
				004753521DDC3CD400AF0FA1 /* AppIcon-120.png in Resources */,
				0047536B1DDC3CD400AF0FA1 /* Reader-Thumbs.png in Resources */,
				0047535D1DDC3CD400AF0FA1 /* Reader-Email@2x.png in Resources */,
				004518981DDC01C900882606 /* Assets.xcassets in Resources */,
				004753531DDC3CD400AF0FA1 /* AppIcon-152.png in Resources */,
				0047535B1DDC3CD400AF0FA1 /* Reader-Button-N@3x.png in Resources */,
				004518961DDC01C900882606 /* Main.storyboard in Resources */,
				0047535F1DDC3CD400AF0FA1 /* Reader-Export.png in Resources */,
				004753591DDC3CD400AF0FA1 /* Reader-Button-N.png in Resources */,
				0047535A1DDC3CD400AF0FA1 /* Reader-Button-N@2x.png in Resources */,
				004753511DDC3CD400AF0FA1 /* AppIcon-076.png in Resources */,
				0047535C1DDC3CD400AF0FA1 /* Reader-Email.png in Resources */,
				004753621DDC3CD400AF0FA1 /* Reader-Mark-N.png in Resources */,
				004753611DDC3CD400AF0FA1 /* Reader-Export@3x.png in Resources */,
				004753541DDC3CD400AF0FA1 /* AppIcon-167.png in Resources */,
				004753581DDC3CD400AF0FA1 /* Reader-Button-H@3x.png in Resources */,
				004753551DDC3CD400AF0FA1 /* AppIcon-180.png in Resources */,
				004753691DDC3CD400AF0FA1 /* Reader-Print@2x.png in Resources */,
				0047536A1DDC3CD400AF0FA1 /* Reader-Print@3x.png in Resources */,
				004753561DDC3CD400AF0FA1 /* Reader-Button-H.png in Resources */,
			);
			runOnlyForDeploymentPostprocessing = 0;
		};
		0045189F1DDC01C900882606 /* Resources */ = {
			isa = PBXResourcesBuildPhase;
			buildActionMask = 2147483647;
			files = (
			);
			runOnlyForDeploymentPostprocessing = 0;
		};
		004518AA1DDC01CA00882606 /* Resources */ = {
			isa = PBXResourcesBuildPhase;
			buildActionMask = 2147483647;
			files = (
			);
			runOnlyForDeploymentPostprocessing = 0;
		};
/* End PBXResourcesBuildPhase section */

/* Begin PBXShellScriptBuildPhase section */
		501FD5D0BCBEEBC629178DC8 /* [CP] Copy Pods Resources */ = {
			isa = PBXShellScriptBuildPhase;
			buildActionMask = 2147483647;
			files = (
			);
			inputPaths = (
			);
			name = "[CP] Copy Pods Resources";
			outputPaths = (
			);
			runOnlyForDeploymentPostprocessing = 0;
			shellPath = /bin/sh;
			shellScript = "\"${SRCROOT}/Pods/Target Support Files/Pods-PDFViewAndDownload/Pods-PDFViewAndDownload-resources.sh\"\n";
			showEnvVarsInLog = 0;
		};
		CC8B4715E03227B68A9D08E6 /* [CP] Check Pods Manifest.lock */ = {
			isa = PBXShellScriptBuildPhase;
			buildActionMask = 2147483647;
			files = (
			);
			inputPaths = (
			);
			name = "[CP] Check Pods Manifest.lock";
			outputPaths = (
			);
			runOnlyForDeploymentPostprocessing = 0;
			shellPath = /bin/sh;
			shellScript = "diff \"${PODS_ROOT}/../Podfile.lock\" \"${PODS_ROOT}/Manifest.lock\" > /dev/null\nif [ $? != 0 ] ; then\n    # print error to STDERR\n    echo \"error: The sandbox is not in sync with the Podfile.lock. Run 'pod install' or update your CocoaPods installation.\" >&2\n    exit 1\nfi\n";
			showEnvVarsInLog = 0;
		};
		D29B755617ACFD852BEF2134 /* [CP] Embed Pods Frameworks */ = {
			isa = PBXShellScriptBuildPhase;
			buildActionMask = 2147483647;
			files = (
			);
			inputPaths = (
			);
			name = "[CP] Embed Pods Frameworks";
			outputPaths = (
			);
			runOnlyForDeploymentPostprocessing = 0;
			shellPath = /bin/sh;
			shellScript = "\"${SRCROOT}/Pods/Target Support Files/Pods-PDFViewAndDownload/Pods-PDFViewAndDownload-frameworks.sh\"\n";
			showEnvVarsInLog = 0;
		};
/* End PBXShellScriptBuildPhase section */

/* Begin PBXSourcesBuildPhase section */
		004518841DDC01C900882606 /* Sources */ = {
			isa = PBXSourcesBuildPhase;
			buildActionMask = 2147483647;
			files = (
				004753771DDC3CD400AF0FA1 /* ReaderThumbCache.m in Sources */,
				0047537B1DDC3CD400AF0FA1 /* ReaderThumbRequest.m in Sources */,
				0047537D1DDC3CD400AF0FA1 /* ReaderThumbView.m in Sources */,
				0047537F1DDC3CD400AF0FA1 /* ThumbsMainToolbar.m in Sources */,
				0093626F1DDD41D100413315 /* HLLTestColorViewController.m in Sources */,
				004753741DDC3CD400AF0FA1 /* ReaderDocumentOutline.m in Sources */,
				0047537E1DDC3CD400AF0FA1 /* ReaderViewController.m in Sources */,
				0045188D1DDC01C900882606 /* main.m in Sources */,
				004753761DDC3CD400AF0FA1 /* ReaderMainToolbar.m in Sources */,
				004518E71DDC15AC00882606 /* HLLPDFViewController.m in Sources */,
				0047536F1DDC3CD400AF0FA1 /* ReaderConstants.m in Sources */,
				004518D01DDC05A000882606 /* BaseViewController.m in Sources */,
				004753811DDC3CD400AF0FA1 /* UIXToolbarView.m in Sources */,
				004518D91DDC064600882606 /* HLLHomeViewController.m in Sources */,
				004753731DDC3CD400AF0FA1 /* ReaderDocument.m in Sources */,
				004753791DDC3CD400AF0FA1 /* ReaderThumbQueue.m in Sources */,
				004518EF1DDC29BC00882606 /* HLLPDFDownloadViewController.m in Sources */,
				004753751DDC3CD400AF0FA1 /* ReaderMainPagebar.m in Sources */,
				004753711DDC3CD400AF0FA1 /* ReaderContentTile.m in Sources */,
				004753721DDC3CD400AF0FA1 /* ReaderContentView.m in Sources */,
				004518CC1DDC04FC00882606 /* HLLAppDelegate.m in Sources */,
				004518F21DDC2BF800882606 /* HLLWebViewController.m in Sources */,
				004753801DDC3CD400AF0FA1 /* ThumbsViewController.m in Sources */,
				004518EC1DDC179700882606 /* HLLMenuCell.m in Sources */,
				004753781DDC3CD400AF0FA1 /* ReaderThumbFetch.m in Sources */,
				0047537C1DDC3CD400AF0FA1 /* ReaderThumbsView.m in Sources */,
				004753701DDC3CD400AF0FA1 /* ReaderContentPage.m in Sources */,
				0047537A1DDC3CD400AF0FA1 /* ReaderThumbRender.m in Sources */,
				0047536E1DDC3CD400AF0FA1 /* CGPDFDocument.m in Sources */,
			);
			runOnlyForDeploymentPostprocessing = 0;
		};
		0045189D1DDC01C900882606 /* Sources */ = {
			isa = PBXSourcesBuildPhase;
			buildActionMask = 2147483647;
			files = (
				004518A61DDC01C900882606 /* PDFViewAndDownloadTests.m in Sources */,
			);
			runOnlyForDeploymentPostprocessing = 0;
		};
		004518A81DDC01CA00882606 /* Sources */ = {
			isa = PBXSourcesBuildPhase;
			buildActionMask = 2147483647;
			files = (
				004518B11DDC01CA00882606 /* PDFViewAndDownloadUITests.m in Sources */,
			);
			runOnlyForDeploymentPostprocessing = 0;
		};
/* End PBXSourcesBuildPhase section */

/* Begin PBXTargetDependency section */
		004518A31DDC01C900882606 /* PBXTargetDependency */ = {
			isa = PBXTargetDependency;
			target = 004518871DDC01C900882606 /* PDFViewAndDownload */;
			targetProxy = 004518A21DDC01C900882606 /* PBXContainerItemProxy */;
		};
		004518AE1DDC01CA00882606 /* PBXTargetDependency */ = {
			isa = PBXTargetDependency;
			target = 004518871DDC01C900882606 /* PDFViewAndDownload */;
			targetProxy = 004518AD1DDC01CA00882606 /* PBXContainerItemProxy */;
		};
/* End PBXTargetDependency section */

/* Begin PBXVariantGroup section */
		004518941DDC01C900882606 /* Main.storyboard */ = {
			isa = PBXVariantGroup;
			children = (
				004518951DDC01C900882606 /* Base */,
			);
			name = Main.storyboard;
			sourceTree = "<group>";
		};
		004518991DDC01C900882606 /* LaunchScreen.storyboard */ = {
			isa = PBXVariantGroup;
			children = (
				0045189A1DDC01C900882606 /* Base */,
			);
			name = LaunchScreen.storyboard;
			sourceTree = "<group>";
		};
/* End PBXVariantGroup section */

/* Begin XCBuildConfiguration section */
		004518B31DDC01CA00882606 /* Debug */ = {
			isa = XCBuildConfiguration;
			buildSettings = {
				ALWAYS_SEARCH_USER_PATHS = NO;
				CLANG_ANALYZER_NONNULL = YES;
				CLANG_CXX_LANGUAGE_STANDARD = "gnu++0x";
				CLANG_CXX_LIBRARY = "libc++";
				CLANG_ENABLE_MODULES = YES;
				CLANG_ENABLE_OBJC_ARC = YES;
				CLANG_WARN_BOOL_CONVERSION = YES;
				CLANG_WARN_CONSTANT_CONVERSION = YES;
				CLANG_WARN_DIRECT_OBJC_ISA_USAGE = YES_ERROR;
				CLANG_WARN_DOCUMENTATION_COMMENTS = YES;
				CLANG_WARN_EMPTY_BODY = YES;
				CLANG_WARN_ENUM_CONVERSION = YES;
				CLANG_WARN_INFINITE_RECURSION = YES;
				CLANG_WARN_INT_CONVERSION = YES;
				CLANG_WARN_OBJC_ROOT_CLASS = YES_ERROR;
				CLANG_WARN_SUSPICIOUS_MOVES = YES;
				CLANG_WARN_UNREACHABLE_CODE = YES;
				CLANG_WARN__DUPLICATE_METHOD_MATCH = YES;
				"CODE_SIGN_IDENTITY[sdk=iphoneos*]" = "iPhone Developer";
				COPY_PHASE_STRIP = NO;
				DEBUG_INFORMATION_FORMAT = dwarf;
				ENABLE_STRICT_OBJC_MSGSEND = YES;
				ENABLE_TESTABILITY = YES;
				GCC_C_LANGUAGE_STANDARD = gnu99;
				GCC_DYNAMIC_NO_PIC = NO;
				GCC_NO_COMMON_BLOCKS = YES;
				GCC_OPTIMIZATION_LEVEL = 0;
				GCC_PREPROCESSOR_DEFINITIONS = (
					"DEBUG=1",
					"$(inherited)",
				);
				GCC_WARN_64_TO_32_BIT_CONVERSION = YES;
				GCC_WARN_ABOUT_RETURN_TYPE = YES_ERROR;
				GCC_WARN_UNDECLARED_SELECTOR = YES;
				GCC_WARN_UNINITIALIZED_AUTOS = YES_AGGRESSIVE;
				GCC_WARN_UNUSED_FUNCTION = YES;
				GCC_WARN_UNUSED_VARIABLE = YES;
				IPHONEOS_DEPLOYMENT_TARGET = 10.1;
				MTL_ENABLE_DEBUG_INFO = YES;
				ONLY_ACTIVE_ARCH = YES;
				SDKROOT = iphoneos;
				TARGETED_DEVICE_FAMILY = "1,2";
			};
			name = Debug;
		};
		004518B41DDC01CA00882606 /* Release */ = {
			isa = XCBuildConfiguration;
			buildSettings = {
				ALWAYS_SEARCH_USER_PATHS = NO;
				CLANG_ANALYZER_NONNULL = YES;
				CLANG_CXX_LANGUAGE_STANDARD = "gnu++0x";
				CLANG_CXX_LIBRARY = "libc++";
				CLANG_ENABLE_MODULES = YES;
				CLANG_ENABLE_OBJC_ARC = YES;
				CLANG_WARN_BOOL_CONVERSION = YES;
				CLANG_WARN_CONSTANT_CONVERSION = YES;
				CLANG_WARN_DIRECT_OBJC_ISA_USAGE = YES_ERROR;
				CLANG_WARN_DOCUMENTATION_COMMENTS = YES;
				CLANG_WARN_EMPTY_BODY = YES;
				CLANG_WARN_ENUM_CONVERSION = YES;
				CLANG_WARN_INFINITE_RECURSION = YES;
				CLANG_WARN_INT_CONVERSION = YES;
				CLANG_WARN_OBJC_ROOT_CLASS = YES_ERROR;
				CLANG_WARN_SUSPICIOUS_MOVES = YES;
				CLANG_WARN_UNREACHABLE_CODE = YES;
				CLANG_WARN__DUPLICATE_METHOD_MATCH = YES;
				"CODE_SIGN_IDENTITY[sdk=iphoneos*]" = "iPhone Developer";
				COPY_PHASE_STRIP = NO;
				DEBUG_INFORMATION_FORMAT = "dwarf-with-dsym";
				ENABLE_NS_ASSERTIONS = NO;
				ENABLE_STRICT_OBJC_MSGSEND = YES;
				GCC_C_LANGUAGE_STANDARD = gnu99;
				GCC_NO_COMMON_BLOCKS = YES;
				GCC_WARN_64_TO_32_BIT_CONVERSION = YES;
				GCC_WARN_ABOUT_RETURN_TYPE = YES_ERROR;
				GCC_WARN_UNDECLARED_SELECTOR = YES;
				GCC_WARN_UNINITIALIZED_AUTOS = YES_AGGRESSIVE;
				GCC_WARN_UNUSED_FUNCTION = YES;
				GCC_WARN_UNUSED_VARIABLE = YES;
				IPHONEOS_DEPLOYMENT_TARGET = 10.1;
				MTL_ENABLE_DEBUG_INFO = NO;
				SDKROOT = iphoneos;
				TARGETED_DEVICE_FAMILY = "1,2";
				VALIDATE_PRODUCT = YES;
			};
			name = Release;
		};
		004518B61DDC01CA00882606 /* Debug */ = {
			isa = XCBuildConfiguration;
			baseConfigurationReference = 13B3FB85D7A43EFABE0EDB99 /* Pods-PDFViewAndDownload.debug.xcconfig */;
			buildSettings = {
				ASSETCATALOG_COMPILER_APPICON_NAME = AppIcon;
				DEVELOPMENT_TEAM = KR9G98P8SN;
				GCC_PREFIX_HEADER = PDFViewAndDownload/Config.pch;
				INFOPLIST_FILE = PDFViewAndDownload/Info.plist;
				LD_RUNPATH_SEARCH_PATHS = "$(inherited) @executable_path/Frameworks";
				PRODUCT_BUNDLE_IDENTIFIER = co.CareVoice.PDFViewAndDownload;
				PRODUCT_NAME = "$(TARGET_NAME)";
			};
			name = Debug;
		};
		004518B71DDC01CA00882606 /* Release */ = {
			isa = XCBuildConfiguration;
			baseConfigurationReference = 0667E7DA987203D072C2F6AA /* Pods-PDFViewAndDownload.release.xcconfig */;
			buildSettings = {
				ASSETCATALOG_COMPILER_APPICON_NAME = AppIcon;
				DEVELOPMENT_TEAM = KR9G98P8SN;
				GCC_PREFIX_HEADER = PDFViewAndDownload/Config.pch;
				INFOPLIST_FILE = PDFViewAndDownload/Info.plist;
				LD_RUNPATH_SEARCH_PATHS = "$(inherited) @executable_path/Frameworks";
				PRODUCT_BUNDLE_IDENTIFIER = co.CareVoice.PDFViewAndDownload;
				PRODUCT_NAME = "$(TARGET_NAME)";
			};
			name = Release;
		};
		004518B91DDC01CA00882606 /* Debug */ = {
			isa = XCBuildConfiguration;
			buildSettings = {
				BUNDLE_LOADER = "$(TEST_HOST)";
				DEVELOPMENT_TEAM = KR9G98P8SN;
				INFOPLIST_FILE = PDFViewAndDownloadTests/Info.plist;
				LD_RUNPATH_SEARCH_PATHS = "$(inherited) @executable_path/Frameworks @loader_path/Frameworks";
				PRODUCT_BUNDLE_IDENTIFIER = co.CareVoice.PDFViewAndDownloadTests;
				PRODUCT_NAME = "$(TARGET_NAME)";
				TEST_HOST = "$(BUILT_PRODUCTS_DIR)/PDFViewAndDownload.app/PDFViewAndDownload";
			};
			name = Debug;
		};
		004518BA1DDC01CA00882606 /* Release */ = {
			isa = XCBuildConfiguration;
			buildSettings = {
				BUNDLE_LOADER = "$(TEST_HOST)";
				DEVELOPMENT_TEAM = KR9G98P8SN;
				INFOPLIST_FILE = PDFViewAndDownloadTests/Info.plist;
				LD_RUNPATH_SEARCH_PATHS = "$(inherited) @executable_path/Frameworks @loader_path/Frameworks";
				PRODUCT_BUNDLE_IDENTIFIER = co.CareVoice.PDFViewAndDownloadTests;
				PRODUCT_NAME = "$(TARGET_NAME)";
				TEST_HOST = "$(BUILT_PRODUCTS_DIR)/PDFViewAndDownload.app/PDFViewAndDownload";
			};
			name = Release;
		};
		004518BC1DDC01CA00882606 /* Debug */ = {
			isa = XCBuildConfiguration;
			buildSettings = {
				DEVELOPMENT_TEAM = KR9G98P8SN;
				INFOPLIST_FILE = PDFViewAndDownloadUITests/Info.plist;
				LD_RUNPATH_SEARCH_PATHS = "$(inherited) @executable_path/Frameworks @loader_path/Frameworks";
				PRODUCT_BUNDLE_IDENTIFIER = co.CareVoice.PDFViewAndDownloadUITests;
				PRODUCT_NAME = "$(TARGET_NAME)";
				TEST_TARGET_NAME = PDFViewAndDownload;
			};
			name = Debug;
		};
		004518BD1DDC01CA00882606 /* Release */ = {
			isa = XCBuildConfiguration;
			buildSettings = {
				DEVELOPMENT_TEAM = KR9G98P8SN;
				INFOPLIST_FILE = PDFViewAndDownloadUITests/Info.plist;
				LD_RUNPATH_SEARCH_PATHS = "$(inherited) @executable_path/Frameworks @loader_path/Frameworks";
				PRODUCT_BUNDLE_IDENTIFIER = co.CareVoice.PDFViewAndDownloadUITests;
				PRODUCT_NAME = "$(TARGET_NAME)";
				TEST_TARGET_NAME = PDFViewAndDownload;
			};
			name = Release;
		};
/* End XCBuildConfiguration section */

/* Begin XCConfigurationList section */
		004518831DDC01C900882606 /* Build configuration list for PBXProject "PDFViewAndDownload" */ = {
			isa = XCConfigurationList;
			buildConfigurations = (
				004518B31DDC01CA00882606 /* Debug */,
				004518B41DDC01CA00882606 /* Release */,
			);
			defaultConfigurationIsVisible = 0;
			defaultConfigurationName = Release;
		};
		004518B51DDC01CA00882606 /* Build configuration list for PBXNativeTarget "PDFViewAndDownload" */ = {
			isa = XCConfigurationList;
			buildConfigurations = (
				004518B61DDC01CA00882606 /* Debug */,
				004518B71DDC01CA00882606 /* Release */,
			);
			defaultConfigurationIsVisible = 0;
			defaultConfigurationName = Release;
		};
		004518B81DDC01CA00882606 /* Build configuration list for PBXNativeTarget "PDFViewAndDownloadTests" */ = {
			isa = XCConfigurationList;
			buildConfigurations = (
				004518B91DDC01CA00882606 /* Debug */,
				004518BA1DDC01CA00882606 /* Release */,
			);
			defaultConfigurationIsVisible = 0;
			defaultConfigurationName = Release;
		};
		004518BB1DDC01CA00882606 /* Build configuration list for PBXNativeTarget "PDFViewAndDownloadUITests" */ = {
			isa = XCConfigurationList;
			buildConfigurations = (
				004518BC1DDC01CA00882606 /* Debug */,
				004518BD1DDC01CA00882606 /* Release */,
			);
			defaultConfigurationIsVisible = 0;
			defaultConfigurationName = Release;
		};
/* End XCConfigurationList section */
	};
	rootObject = 004518801DDC01C900882606 /* Project object */;
}
